
Microsoft Visual Studio Solution File, Format Version 12.00
# Visual Studio Version 17
VisualStudioVersion = 17.8.34511.84
MinimumVisualStudioVersion = 10.0.40219.1
Project("{FAE04EC0-301F-11D3-BF4B-00C04F79EFBC}") = "DatabaseAlbum", "DatabaseAlbum.csproj", "{570EA18C-3A60-4BD0-910B-634E92B6512F}"
EndProject
Project("{54435603-DBB4-11D2-8724-00A0C9A8B90C}") = "AlbumStoreSetup", "..\AlbumStoreSetup\AlbumStoreSetup.vdproj", "{46C4661D-B922-4CA7-A95D-CD75D23DDD9F}"
EndProject
Global
	GlobalSection(SolutionConfigurationPlatforms) = preSolution
		Debug|Any CPU = Debug|Any CPU
		Release|Any CPU = Release|Any CPU
	EndGlobalSection
	GlobalSection(ProjectConfigurationPlatforms) = postSolution
		{570EA18C-3A60-4BD0-910B-634E92B6512F}.Debug|Any CPU.ActiveCfg = Debug|Any CPU
		{570EA18C-3A60-4BD0-910B-634E92B6512F}.Debug|Any CPU.Build.0 = Debug|Any CPU
		{570EA18C-3A60-4BD0-910B-634E92B6512F}.Release|Any CPU.ActiveCfg = Release|Any CPU
		{570EA18C-3A60-4BD0-910B-634E92B6512F}.Release|Any CPU.Build.0 = Release|Any CPU
		{46C4661D-B922-4CA7-A95D-CD75D23DDD9F}.Debug|Any CPU.ActiveCfg = Debug
		{46C4661D-B922-4CA7-A95D-CD75D23DDD9F}.Release|Any CPU.ActiveCfg = Release
	EndGlobalSection
	GlobalSection(SolutionProperties) = preSolution
		HideSolutionNode = FALSE
	EndGlobalSection
	GlobalSection(ExtensibilityGlobals) = postSolution
		SolutionGuid = {5D045155-E87E-4B5A-B65A-B2B9D63D5458}
	EndGlobalSection
EndGlobal
